PODS:
  - MissingAnchors (0.5.0):
    - MissingAnchors/MissingAnchors (= 0.5.0)
  - MissingAnchors/MissingAnchors (0.5.0)
  - MissingAnchors/NSLayoutAnchor (0.5.0)

DEPENDENCIES:
  - MissingAnchors (from `../`)
  - MissingAnchors/NSLayoutAnchor (from `../`)

EXTERNAL SOURCES:
  MissingAnchors:
    :path: "../"

SPEC CHECKSUMS:
  MissingAnchors: 473c635aef08ccc90331c1e4275084d705015d63

PODFILE CHECKSUM: 047e48342d17d19518bd8e856234f4c73f174d00

COCOAPODS: 1.1.1
