PODS:
  - MissingAnchors (0.6.0):
    - MissingAnchors/MissingAnchors (= 0.6.0)
  - MissingAnchors/MissingAnchors (0.6.0)
  - MissingAnchors/NSLayoutAnchor (0.6.0)

DEPENDENCIES:
  - MissingAnchors (from `../`)
  - MissingAnchors/NSLayoutAnchor (from `../`)

EXTERNAL SOURCES:
  MissingAnchors:
    :path: ../

SPEC CHECKSUMS:
  MissingAnchors: 580c3287569f2330c0cbb1750fedcd9b8474d1f2

PODFILE CHECKSUM: 542b2d4f536208336c85dd628feac7e46c093de2

COCOAPODS: 1.3.1
