PODS:
  - MissingAnchors (0.5.1):
    - MissingAnchors/MissingAnchors (= 0.5.1)
  - MissingAnchors/MissingAnchors (0.5.1)
  - MissingAnchors/NSLayoutAnchor (0.5.1)

DEPENDENCIES:
  - MissingAnchors (from `../`)
  - MissingAnchors/NSLayoutAnchor (from `../`)

EXTERNAL SOURCES:
  MissingAnchors:
    :path: "../"

SPEC CHECKSUMS:
  MissingAnchors: bec12eb0eec71271c365babe33f1aadd5e06f895

PODFILE CHECKSUM: 047e48342d17d19518bd8e856234f4c73f174d00

COCOAPODS: 1.1.1
